
Microsoft Visual Studio Solution File, Format Version 12.00
# Visual Studio Version 17
VisualStudioVersion = 17.9.34728.123
MinimumVisualStudioVersion = 10.0.40219.1
Project("{9A19103F-16F7-4668-BE54-9A1E7A4F7556}") = "Achievements.API", "Achievements.API\Achievements.API.csproj", "{961BFD1A-92B5-464D-9F26-1AB4C379738F}"
EndProject
Project("{2150E333-8FDC-42A3-9474-1A3956D46DE8}") = "Core", "Core", "{BF0F0E46-DFBF-4608-B0A4-43627B700ED0}"
EndProject
Project("{2150E333-8FDC-42A3-9474-1A3956D46DE8}") = "Infrastructure", "Infrastructure", "{5D3BC5B8-A01D-4FC3-A1DB-5B5F2F35DB0E}"
EndProject
Project("{9A19103F-16F7-4668-BE54-9A1E7A4F7556}") = "Domain", "Domain\Domain.csproj", "{130D5782-0C3E-465E-8105-C0DD9A3D2DC2}"
EndProject
Project("{9A19103F-16F7-4668-BE54-9A1E7A4F7556}") = "Application", "Application\Application.csproj", "{43C743CF-9E0B-439E-AD53-1A97811B6EE5}"
EndProject
Project("{2150E333-8FDC-42A3-9474-1A3956D46DE8}") = "Presentation", "Presentation", "{2B1D6EF6-F24D-4A6B-B1CD-3B5B3CD4B69A}"
EndProject
Project("{2150E333-8FDC-42A3-9474-1A3956D46DE8}") = "Common", "Common", "{78E24260-F71E-4E53-ADD9-C1D6B3BFA0BF}"
EndProject
Project("{9A19103F-16F7-4668-BE54-9A1E7A4F7556}") = "Persistence", "Persistence\Persistence.csproj", "{6C8E5DD6-EC34-4065-99DF-6EC1929F3245}"
EndProject
Project("{9A19103F-16F7-4668-BE54-9A1E7A4F7556}") = "Services", "Services\Services.csproj", "{01F3CF19-3C77-4FAE-A2FB-62D4E51BCA20}"
EndProject
Project("{FAE04EC0-301F-11D3-BF4B-00C04F79EFBC}") = "Common", "Common\Common.csproj", "{357B1B0A-0EAB-4721-B530-7CF104318F12}"
EndProject
Project("{2150E333-8FDC-42A3-9474-1A3956D46DE8}") = "Shared", "Shared", "{72DBD1FF-D95C-4145-9065-D7DB52BF4523}"
EndProject
Project("{FAE04EC0-301F-11D3-BF4B-00C04F79EFBC}") = "Shared", "Shared\Shared.csproj", "{87F08CE8-035C-480D-912B-47A14A97F374}"
EndProject
Global
	GlobalSection(SolutionConfigurationPlatforms) = preSolution
		Debug|Any CPU = Debug|Any CPU
		Debug|x64 = Debug|x64
		Debug|x86 = Debug|x86
		Release|Any CPU = Release|Any CPU
		Release|x64 = Release|x64
		Release|x86 = Release|x86
	EndGlobalSection
	GlobalSection(ProjectConfigurationPlatforms) = postSolution
		{961BFD1A-92B5-464D-9F26-1AB4C379738F}.Debug|Any CPU.ActiveCfg = Debug|Any CPU
		{961BFD1A-92B5-464D-9F26-1AB4C379738F}.Debug|Any CPU.Build.0 = Debug|Any CPU
		{961BFD1A-92B5-464D-9F26-1AB4C379738F}.Debug|x64.ActiveCfg = Debug|Any CPU
		{961BFD1A-92B5-464D-9F26-1AB4C379738F}.Debug|x64.Build.0 = Debug|Any CPU
		{961BFD1A-92B5-464D-9F26-1AB4C379738F}.Debug|x86.ActiveCfg = Debug|Any CPU
		{961BFD1A-92B5-464D-9F26-1AB4C379738F}.Debug|x86.Build.0 = Debug|Any CPU
		{961BFD1A-92B5-464D-9F26-1AB4C379738F}.Release|Any CPU.ActiveCfg = Release|Any CPU
		{961BFD1A-92B5-464D-9F26-1AB4C379738F}.Release|Any CPU.Build.0 = Release|Any CPU
		{961BFD1A-92B5-464D-9F26-1AB4C379738F}.Release|x64.ActiveCfg = Release|Any CPU
		{961BFD1A-92B5-464D-9F26-1AB4C379738F}.Release|x64.Build.0 = Release|Any CPU
		{961BFD1A-92B5-464D-9F26-1AB4C379738F}.Release|x86.ActiveCfg = Release|Any CPU
		{961BFD1A-92B5-464D-9F26-1AB4C379738F}.Release|x86.Build.0 = Release|Any CPU
		{130D5782-0C3E-465E-8105-C0DD9A3D2DC2}.Debug|Any CPU.ActiveCfg = Debug|Any CPU
		{130D5782-0C3E-465E-8105-C0DD9A3D2DC2}.Debug|Any CPU.Build.0 = Debug|Any CPU
		{130D5782-0C3E-465E-8105-C0DD9A3D2DC2}.Debug|x64.ActiveCfg = Debug|Any CPU
		{130D5782-0C3E-465E-8105-C0DD9A3D2DC2}.Debug|x64.Build.0 = Debug|Any CPU
		{130D5782-0C3E-465E-8105-C0DD9A3D2DC2}.Debug|x86.ActiveCfg = Debug|Any CPU
		{130D5782-0C3E-465E-8105-C0DD9A3D2DC2}.Debug|x86.Build.0 = Debug|Any CPU
		{130D5782-0C3E-465E-8105-C0DD9A3D2DC2}.Release|Any CPU.ActiveCfg = Release|Any CPU
		{130D5782-0C3E-465E-8105-C0DD9A3D2DC2}.Release|Any CPU.Build.0 = Release|Any CPU
		{130D5782-0C3E-465E-8105-C0DD9A3D2DC2}.Release|x64.ActiveCfg = Release|Any CPU
		{130D5782-0C3E-465E-8105-C0DD9A3D2DC2}.Release|x64.Build.0 = Release|Any CPU
		{130D5782-0C3E-465E-8105-C0DD9A3D2DC2}.Release|x86.ActiveCfg = Release|Any CPU
		{130D5782-0C3E-465E-8105-C0DD9A3D2DC2}.Release|x86.Build.0 = Release|Any CPU
		{43C743CF-9E0B-439E-AD53-1A97811B6EE5}.Debug|Any CPU.ActiveCfg = Debug|Any CPU
		{43C743CF-9E0B-439E-AD53-1A97811B6EE5}.Debug|Any CPU.Build.0 = Debug|Any CPU
		{43C743CF-9E0B-439E-AD53-1A97811B6EE5}.Debug|x64.ActiveCfg = Debug|Any CPU
		{43C743CF-9E0B-439E-AD53-1A97811B6EE5}.Debug|x64.Build.0 = Debug|Any CPU
		{43C743CF-9E0B-439E-AD53-1A97811B6EE5}.Debug|x86.ActiveCfg = Debug|Any CPU
		{43C743CF-9E0B-439E-AD53-1A97811B6EE5}.Debug|x86.Build.0 = Debug|Any CPU
		{43C743CF-9E0B-439E-AD53-1A97811B6EE5}.Release|Any CPU.ActiveCfg = Release|Any CPU
		{43C743CF-9E0B-439E-AD53-1A97811B6EE5}.Release|Any CPU.Build.0 = Release|Any CPU
		{43C743CF-9E0B-439E-AD53-1A97811B6EE5}.Release|x64.ActiveCfg = Release|Any CPU
		{43C743CF-9E0B-439E-AD53-1A97811B6EE5}.Release|x64.Build.0 = Release|Any CPU
		{43C743CF-9E0B-439E-AD53-1A97811B6EE5}.Release|x86.ActiveCfg = Release|Any CPU
		{43C743CF-9E0B-439E-AD53-1A97811B6EE5}.Release|x86.Build.0 = Release|Any CPU
		{6C8E5DD6-EC34-4065-99DF-6EC1929F3245}.Debug|Any CPU.ActiveCfg = Debug|Any CPU
		{6C8E5DD6-EC34-4065-99DF-6EC1929F3245}.Debug|Any CPU.Build.0 = Debug|Any CPU
		{6C8E5DD6-EC34-4065-99DF-6EC1929F3245}.Debug|x64.ActiveCfg = Debug|Any CPU
		{6C8E5DD6-EC34-4065-99DF-6EC1929F3245}.Debug|x64.Build.0 = Debug|Any CPU
		{6C8E5DD6-EC34-4065-99DF-6EC1929F3245}.Debug|x86.ActiveCfg = Debug|Any CPU
		{6C8E5DD6-EC34-4065-99DF-6EC1929F3245}.Debug|x86.Build.0 = Debug|Any CPU
		{6C8E5DD6-EC34-4065-99DF-6EC1929F3245}.Release|Any CPU.ActiveCfg = Release|Any CPU
		{6C8E5DD6-EC34-4065-99DF-6EC1929F3245}.Release|Any CPU.Build.0 = Release|Any CPU
		{6C8E5DD6-EC34-4065-99DF-6EC1929F3245}.Release|x64.ActiveCfg = Release|Any CPU
		{6C8E5DD6-EC34-4065-99DF-6EC1929F3245}.Release|x64.Build.0 = Release|Any CPU
		{6C8E5DD6-EC34-4065-99DF-6EC1929F3245}.Release|x86.ActiveCfg = Release|Any CPU
		{6C8E5DD6-EC34-4065-99DF-6EC1929F3245}.Release|x86.Build.0 = Release|Any CPU
		{01F3CF19-3C77-4FAE-A2FB-62D4E51BCA20}.Debug|Any CPU.ActiveCfg = Debug|Any CPU
		{01F3CF19-3C77-4FAE-A2FB-62D4E51BCA20}.Debug|Any CPU.Build.0 = Debug|Any CPU
		{01F3CF19-3C77-4FAE-A2FB-62D4E51BCA20}.Debug|x64.ActiveCfg = Debug|Any CPU
		{01F3CF19-3C77-4FAE-A2FB-62D4E51BCA20}.Debug|x64.Build.0 = Debug|Any CPU
		{01F3CF19-3C77-4FAE-A2FB-62D4E51BCA20}.Debug|x86.ActiveCfg = Debug|Any CPU
		{01F3CF19-3C77-4FAE-A2FB-62D4E51BCA20}.Debug|x86.Build.0 = Debug|Any CPU
		{01F3CF19-3C77-4FAE-A2FB-62D4E51BCA20}.Release|Any CPU.ActiveCfg = Release|Any CPU
		{01F3CF19-3C77-4FAE-A2FB-62D4E51BCA20}.Release|Any CPU.Build.0 = Release|Any CPU
		{01F3CF19-3C77-4FAE-A2FB-62D4E51BCA20}.Release|x64.ActiveCfg = Release|Any CPU
		{01F3CF19-3C77-4FAE-A2FB-62D4E51BCA20}.Release|x64.Build.0 = Release|Any CPU
		{01F3CF19-3C77-4FAE-A2FB-62D4E51BCA20}.Release|x86.ActiveCfg = Release|Any CPU
		{01F3CF19-3C77-4FAE-A2FB-62D4E51BCA20}.Release|x86.Build.0 = Release|Any CPU
		{357B1B0A-0EAB-4721-B530-7CF104318F12}.Debug|Any CPU.ActiveCfg = Debug|Any CPU
		{357B1B0A-0EAB-4721-B530-7CF104318F12}.Debug|Any CPU.Build.0 = Debug|Any CPU
		{357B1B0A-0EAB-4721-B530-7CF104318F12}.Debug|x64.ActiveCfg = Debug|Any CPU
		{357B1B0A-0EAB-4721-B530-7CF104318F12}.Debug|x64.Build.0 = Debug|Any CPU
		{357B1B0A-0EAB-4721-B530-7CF104318F12}.Debug|x86.ActiveCfg = Debug|Any CPU
		{357B1B0A-0EAB-4721-B530-7CF104318F12}.Debug|x86.Build.0 = Debug|Any CPU
		{357B1B0A-0EAB-4721-B530-7CF104318F12}.Release|Any CPU.ActiveCfg = Release|Any CPU
		{357B1B0A-0EAB-4721-B530-7CF104318F12}.Release|Any CPU.Build.0 = Release|Any CPU
		{357B1B0A-0EAB-4721-B530-7CF104318F12}.Release|x64.ActiveCfg = Release|Any CPU
		{357B1B0A-0EAB-4721-B530-7CF104318F12}.Release|x64.Build.0 = Release|Any CPU
		{357B1B0A-0EAB-4721-B530-7CF104318F12}.Release|x86.ActiveCfg = Release|Any CPU
		{357B1B0A-0EAB-4721-B530-7CF104318F12}.Release|x86.Build.0 = Release|Any CPU
		{87F08CE8-035C-480D-912B-47A14A97F374}.Debug|Any CPU.ActiveCfg = Debug|Any CPU
		{87F08CE8-035C-480D-912B-47A14A97F374}.Debug|Any CPU.Build.0 = Debug|Any CPU
		{87F08CE8-035C-480D-912B-47A14A97F374}.Debug|x64.ActiveCfg = Debug|Any CPU
		{87F08CE8-035C-480D-912B-47A14A97F374}.Debug|x64.Build.0 = Debug|Any CPU
		{87F08CE8-035C-480D-912B-47A14A97F374}.Debug|x86.ActiveCfg = Debug|Any CPU
		{87F08CE8-035C-480D-912B-47A14A97F374}.Debug|x86.Build.0 = Debug|Any CPU
		{87F08CE8-035C-480D-912B-47A14A97F374}.Release|Any CPU.ActiveCfg = Release|Any CPU
		{87F08CE8-035C-480D-912B-47A14A97F374}.Release|Any CPU.Build.0 = Release|Any CPU
		{87F08CE8-035C-480D-912B-47A14A97F374}.Release|x64.ActiveCfg = Release|Any CPU
		{87F08CE8-035C-480D-912B-47A14A97F374}.Release|x64.Build.0 = Release|Any CPU
		{87F08CE8-035C-480D-912B-47A14A97F374}.Release|x86.ActiveCfg = Release|Any CPU
		{87F08CE8-035C-480D-912B-47A14A97F374}.Release|x86.Build.0 = Release|Any CPU
	EndGlobalSection
	GlobalSection(SolutionProperties) = preSolution
		HideSolutionNode = FALSE
	EndGlobalSection
	GlobalSection(NestedProjects) = preSolution
		{961BFD1A-92B5-464D-9F26-1AB4C379738F} = {2B1D6EF6-F24D-4A6B-B1CD-3B5B3CD4B69A}
		{130D5782-0C3E-465E-8105-C0DD9A3D2DC2} = {BF0F0E46-DFBF-4608-B0A4-43627B700ED0}
		{43C743CF-9E0B-439E-AD53-1A97811B6EE5} = {BF0F0E46-DFBF-4608-B0A4-43627B700ED0}
		{6C8E5DD6-EC34-4065-99DF-6EC1929F3245} = {5D3BC5B8-A01D-4FC3-A1DB-5B5F2F35DB0E}
		{01F3CF19-3C77-4FAE-A2FB-62D4E51BCA20} = {5D3BC5B8-A01D-4FC3-A1DB-5B5F2F35DB0E}
		{357B1B0A-0EAB-4721-B530-7CF104318F12} = {78E24260-F71E-4E53-ADD9-C1D6B3BFA0BF}
		{87F08CE8-035C-480D-912B-47A14A97F374} = {72DBD1FF-D95C-4145-9065-D7DB52BF4523}
	EndGlobalSection
	GlobalSection(ExtensibilityGlobals) = postSolution
		SolutionGuid = {37EF6F86-9422-4EDB-97BF-FEAA17FC5AE0}
	EndGlobalSection
EndGlobal
